// !$*UTF8*$!
{
	archiveVersion = 1;
	classes = {
	};
	objectVersion = 46;
	objects = {

/* Begin PBXBuildFile section */
		963027781E5A49FC00D10F67 /* AppDelegate.swift in Sources */ = {isa = PBXBuildFile; fileRef = 963027771E5A49FC00D10F67 /* AppDelegate.swift */; };
		9630277D1E5A49FD00D10F67 /* Main.storyboard in Resources */ = {isa = PBXBuildFile; fileRef = 9630277B1E5A49FD00D10F67 /* Main.storyboard */; };
		9630277F1E5A49FE00D10F67 /* Assets.xcassets in Resources */ = {isa = PBXBuildFile; fileRef = 9630277E1E5A49FE00D10F67 /* Assets.xcassets */; };
		963027821E5A4A0000D10F67 /* LaunchScreen.storyboard in Resources */ = {isa = PBXBuildFile; fileRef = 963027801E5A4A0000D10F67 /* LaunchScreen.storyboard */; };
		9630278D1E5A4A0000D10F67 /* New_Family_TreeTests.swift in Sources */ = {isa = PBXBuildFile; fileRef = 9630278C1E5A4A0000D10F67 /* New_Family_TreeTests.swift */; };
		963027981E5A4A0000D10F67 /* New_Family_TreeUITests.swift in Sources */ = {isa = PBXBuildFile; fileRef = 963027971E5A4A0000D10F67 /* New_Family_TreeUITests.swift */; };
		963027A61E5A4A2400D10F67 /* HomeViewController.swift in Sources */ = {isa = PBXBuildFile; fileRef = 963027A51E5A4A2400D10F67 /* HomeViewController.swift */; };
		963027A81E5A4A4700D10F67 /* CordeliaViewController.swift in Sources */ = {isa = PBXBuildFile; fileRef = 963027A71E5A4A4700D10F67 /* CordeliaViewController.swift */; };
		963027AA1E5A4A5000D10F67 /* ChercheViewController.swift in Sources */ = {isa = PBXBuildFile; fileRef = 963027A91E5A4A5000D10F67 /* ChercheViewController.swift */; };
		9650F7D81E5A5F4D005848EA /* Cherche.png in Resources */ = {isa = PBXBuildFile; fileRef = 9650F7D61E5A5F4D005848EA /* Cherche.png */; };
		9650F7D91E5A5F4D005848EA /* Cordelia.png in Resources */ = {isa = PBXBuildFile; fileRef = 9650F7D71E5A5F4D005848EA /* Cordelia.png */; };
		9650F7DE1E5A616C005848EA /* Gerome.png in Resources */ = {isa = PBXBuildFile; fileRef = 9650F7DA1E5A616C005848EA /* Gerome.png */; };
		9650F7DF1E5A616C005848EA /* Lon'qu.png in Resources */ = {isa = PBXBuildFile; fileRef = 9650F7DB1E5A616C005848EA /* Lon'qu.png */; };
		9650F7E01E5A616C005848EA /* Severa.png in Resources */ = {isa = PBXBuildFile; fileRef = 9650F7DC1E5A616C005848EA /* Severa.png */; };
		9650F7E11E5A616C005848EA /* Virion.png in Resources */ = {isa = PBXBuildFile; fileRef = 9650F7DD1E5A616C005848EA /* Virion.png */; };
		9650F7E31E5A6405005848EA /* CynthiaViewController.swift in Sources */ = {isa = PBXBuildFile; fileRef = 9650F7E21E5A6405005848EA /* CynthiaViewController.swift */; };
		9650F7E51E5A641A005848EA /* LissaViewController.swift in Sources */ = {isa = PBXBuildFile; fileRef = 9650F7E41E5A641A005848EA /* LissaViewController.swift */; };
		9650F7E71E5A6423005848EA /* SumiaViewController.swift in Sources */ = {isa = PBXBuildFile; fileRef = 9650F7E61E5A6423005848EA /* SumiaViewController.swift */; };
		9650F7F01E5A6F11005848EA /* Chrom.png in Resources */ = {isa = PBXBuildFile; fileRef = 9650F7E81E5A6F11005848EA /* Chrom.png */; };
		9650F7F11E5A6F11005848EA /* Cynthia.png in Resources */ = {isa = PBXBuildFile; fileRef = 9650F7E91E5A6F11005848EA /* Cynthia.png */; };
		9650F7F21E5A6F11005848EA /* Frederick.png in Resources */ = {isa = PBXBuildFile; fileRef = 9650F7EA1E5A6F11005848EA /* Frederick.png */; };
		9650F7F31E5A6F11005848EA /* Lissa.jpg in Resources */ = {isa = PBXBuildFile; fileRef = 9650F7EB1E5A6F11005848EA /* Lissa.jpg */; };
		9650F7F41E5A6F11005848EA /* Lucina.png in Resources */ = {isa = PBXBuildFile; fileRef = 9650F7EC1E5A6F11005848EA /* Lucina.png */; };
		9650F7F51E5A6F11005848EA /* Morgan.png in Resources */ = {isa = PBXBuildFile; fileRef = 9650F7ED1E5A6F11005848EA /* Morgan.png */; };
		9650F7F61E5A6F11005848EA /* Owain.png in Resources */ = {isa = PBXBuildFile; fileRef = 9650F7EE1E5A6F11005848EA /* Owain.png */; };
		9650F7F71E5A6F11005848EA /* Robin.png in Resources */ = {isa = PBXBuildFile; fileRef = 9650F7EF1E5A6F11005848EA /* Robin.png */; };
		9650F7F91E5A6F43005848EA /* Sumia.jpg in Resources */ = {isa = PBXBuildFile; fileRef = 9650F7F81E5A6F43005848EA /* Sumia.jpg */; };
		9650F7FD1E5A7455005848EA /* Chromfacingleft.png in Resources */ = {isa = PBXBuildFile; fileRef = 9650F7FA1E5A7455005848EA /* Chromfacingleft.png */; };
		9650F7FE1E5A7455005848EA /* Lissa_Standard.png in Resources */ = {isa = PBXBuildFile; fileRef = 9650F7FB1E5A7455005848EA /* Lissa_Standard.png */; };
		9650F7FF1E5A7455005848EA /* Sumia new.png in Resources */ = {isa = PBXBuildFile; fileRef = 9650F7FC1E5A7455005848EA /* Sumia new.png */; };
		9650F8011E5A74E7005848EA /* Cynthia_Artwork.png in Resources */ = {isa = PBXBuildFile; fileRef = 9650F8001E5A74E7005848EA /* Cynthia_Artwork.png */; };
/* End PBXBuildFile section */

/* Begin PBXContainerItemProxy section */
		963027891E5A4A0000D10F67 /* PBXContainerItemProxy */ = {
			isa = PBXContainerItemProxy;
			containerPortal = 9630276C1E5A49FB00D10F67 /* Project object */;
			proxyType = 1;
			remoteGlobalIDString = 963027731E5A49FB00D10F67;
			remoteInfo = "New Family Tree";
		};
		963027941E5A4A0000D10F67 /* PBXContainerItemProxy */ = {
			isa = PBXContainerItemProxy;
			containerPortal = 9630276C1E5A49FB00D10F67 /* Project object */;
			proxyType = 1;
			remoteGlobalIDString = 963027731E5A49FB00D10F67;
			remoteInfo = "New Family Tree";
		};
/* End PBXContainerItemProxy section */

/* Begin PBXFileReference section */
		963027741E5A49FC00D10F67 /* New Family Tree.app */ = {isa = PBXFileReference; explicitFileType = wrapper.application; includeInIndex = 0; path = "New Family Tree.app"; sourceTree = BUILT_PRODUCTS_DIR; };
		963027771E5A49FC00D10F67 /* AppDelegate.swift */ = {isa = PBXFileReference; lastKnownFileType = sourcecode.swift; path = AppDelegate.swift; sourceTree = "<group>"; };
		9630277C1E5A49FD00D10F67 /* Base */ = {isa = PBXFileReference; lastKnownFileType = file.storyboard; name = Base; path = Base.lproj/Main.storyboard; sourceTree = "<group>"; };
		9630277E1E5A49FE00D10F67 /* Assets.xcassets */ = {isa = PBXFileReference; lastKnownFileType = folder.assetcatalog; path = Assets.xcassets; sourceTree = "<group>"; };
		963027811E5A4A0000D10F67 /* Base */ = {isa = PBXFileReference; lastKnownFileType = file.storyboard; name = Base; path = Base.lproj/LaunchScreen.storyboard; sourceTree = "<group>"; };
		963027831E5A4A0000D10F67 /* Info.plist */ = {isa = PBXFileReference; lastKnownFileType = text.plist.xml; path = Info.plist; sourceTree = "<group>"; };
		963027881E5A4A0000D10F67 /* New Family TreeTests.xctest */ = {isa = PBXFileReference; explicitFileType = wrapper.cfbundle; includeInIndex = 0; path = "New Family TreeTests.xctest"; sourceTree = BUILT_PRODUCTS_DIR; };
		9630278C1E5A4A0000D10F67 /* New_Family_TreeTests.swift */ = {isa = PBXFileReference; lastKnownFileType = sourcecode.swift; path = New_Family_TreeTests.swift; sourceTree = "<group>"; };
		9630278E1E5A4A0000D10F67 /* Info.plist */ = {isa = PBXFileReference; lastKnownFileType = text.plist.xml; path = Info.plist; sourceTree = "<group>"; };
		963027931E5A4A0000D10F67 /* New Family TreeUITests.xctest */ = {isa = PBXFileReference; explicitFileType = wrapper.cfbundle; includeInIndex = 0; path = "New Family TreeUITests.xctest"; sourceTree = BUILT_PRODUCTS_DIR; };
		963027971E5A4A0000D10F67 /* New_Family_TreeUITests.swift */ = {isa = PBXFileReference; lastKnownFileType = sourcecode.swift; path = New_Family_TreeUITests.swift; sourceTree = "<group>"; };
		963027991E5A4A0000D10F67 /* Info.plist */ = {isa = PBXFileReference; lastKnownFileType = text.plist.xml; path = Info.plist; sourceTree = "<group>"; };
		963027A51E5A4A2400D10F67 /* HomeViewController.swift */ = {isa = PBXFileReference; fileEncoding = 4; lastKnownFileType = sourcecode.swift; path = HomeViewController.swift; sourceTree = "<group>"; };
		963027A71E5A4A4700D10F67 /* CordeliaViewController.swift */ = {isa = PBXFileReference; fileEncoding = 4; lastKnownFileType = sourcecode.swift; path = CordeliaViewController.swift; sourceTree = "<group>"; };
		963027A91E5A4A5000D10F67 /* ChercheViewController.swift */ = {isa = PBXFileReference; fileEncoding = 4; lastKnownFileType = sourcecode.swift; path = ChercheViewController.swift; sourceTree = "<group>"; };
		9650F7D61E5A5F4D005848EA /* Cherche.png */ = {isa = PBXFileReference; lastKnownFileType = image.png; name = Cherche.png; path = "../../../../../../Volumes/TOSHIBA/Family Tree Images/Cherche.png"; sourceTree = "<group>"; };
		9650F7D71E5A5F4D005848EA /* Cordelia.png */ = {isa = PBXFileReference; lastKnownFileType = image.png; name = Cordelia.png; path = "../../../../../../Volumes/TOSHIBA/Family Tree Images/Cordelia.png"; sourceTree = "<group>"; };
		9650F7DA1E5A616C005848EA /* Gerome.png */ = {isa = PBXFileReference; lastKnownFileType = image.png; name = Gerome.png; path = "../../../../../../Volumes/TOSHIBA/Family Tree Images/Gerome.png"; sourceTree = "<group>"; };
		9650F7DB1E5A616C005848EA /* Lon'qu.png */ = {isa = PBXFileReference; lastKnownFileType = image.png; name = "Lon'qu.png"; path = "../../../../../../Volumes/TOSHIBA/Family Tree Images/Lon'qu.png"; sourceTree = "<group>"; };
		9650F7DC1E5A616C005848EA /* Severa.png */ = {isa = PBXFileReference; lastKnownFileType = image.png; name = Severa.png; path = "../../../../../../Volumes/TOSHIBA/Family Tree Images/Severa.png"; sourceTree = "<group>"; };
		9650F7DD1E5A616C005848EA /* Virion.png */ = {isa = PBXFileReference; lastKnownFileType = image.png; name = Virion.png; path = "../../../../../../Volumes/TOSHIBA/Family Tree Images/Virion.png"; sourceTree = "<group>"; };
		9650F7E21E5A6405005848EA /* CynthiaViewController.swift */ = {isa = PBXFileReference; fileEncoding = 4; lastKnownFileType = sourcecode.swift; path = CynthiaViewController.swift; sourceTree = "<group>"; };
		9650F7E41E5A641A005848EA /* LissaViewController.swift */ = {isa = PBXFileReference; fileEncoding = 4; lastKnownFileType = sourcecode.swift; path = LissaViewController.swift; sourceTree = "<group>"; };
		9650F7E61E5A6423005848EA /* SumiaViewController.swift */ = {isa = PBXFileReference; fileEncoding = 4; lastKnownFileType = sourcecode.swift; path = SumiaViewController.swift; sourceTree = "<group>"; };
		9650F7E81E5A6F11005848EA /* Chrom.png */ = {isa = PBXFileReference; lastKnownFileType = image.png; name = Chrom.png; path = "../../../../../../Volumes/TOSHIBA/Family Tree Images/Chrom.png"; sourceTree = "<group>"; };
		9650F7E91E5A6F11005848EA /* Cynthia.png */ = {isa = PBXFileReference; lastKnownFileType = image.png; name = Cynthia.png; path = "../../../../../../Volumes/TOSHIBA/Family Tree Images/Cynthia.png"; sourceTree = "<group>"; };
		9650F7EA1E5A6F11005848EA /* Frederick.png */ = {isa = PBXFileReference; lastKnownFileType = image.png; name = Frederick.png; path = "../../../../../../Volumes/TOSHIBA/Family Tree Images/Frederick.png"; sourceTree = "<group>"; };
		9650F7EB1E5A6F11005848EA /* Lissa.jpg */ = {isa = PBXFileReference; lastKnownFileType = image.jpeg; name = Lissa.jpg; path = "../../../../../../Volumes/TOSHIBA/Family Tree Images/Lissa.jpg"; sourceTree = "<group>"; };
		9650F7EC1E5A6F11005848EA /* Lucina.png */ = {isa = PBXFileReference; lastKnownFileType = image.png; name = Lucina.png; path = "../../../../../../Volumes/TOSHIBA/Family Tree Images/Lucina.png"; sourceTree = "<group>"; };
		9650F7ED1E5A6F11005848EA /* Morgan.png */ = {isa = PBXFileReference; lastKnownFileType = image.png; name = Morgan.png; path = "../../../../../../Volumes/TOSHIBA/Family Tree Images/Morgan.png"; sourceTree = "<group>"; };
		9650F7EE1E5A6F11005848EA /* Owain.png */ = {isa = PBXFileReference; lastKnownFileType = image.png; name = Owain.png; path = "../../../../../../Volumes/TOSHIBA/Family Tree Images/Owain.png"; sourceTree = "<group>"; };
		9650F7EF1E5A6F11005848EA /* Robin.png */ = {isa = PBXFileReference; lastKnownFileType = image.png; name = Robin.png; path = "../../../../../../Volumes/TOSHIBA/Family Tree Images/Robin.png"; sourceTree = "<group>"; };
		9650F7F81E5A6F43005848EA /* Sumia.jpg */ = {isa = PBXFileReference; lastKnownFileType = image.jpeg; name = Sumia.jpg; path = "../../../../../../Volumes/TOSHIBA/Family Tree Images/Sumia.jpg"; sourceTree = "<group>"; };
		9650F7FA1E5A7455005848EA /* Chromfacingleft.png */ = {isa = PBXFileReference; lastKnownFileType = image.png; name = Chromfacingleft.png; path = "../../../../../../Volumes/TOSHIBA/Family Tree Images/Chromfacingleft.png"; sourceTree = "<group>"; };
		9650F7FB1E5A7455005848EA /* Lissa_Standard.png */ = {isa = PBXFileReference; lastKnownFileType = image.png; name = Lissa_Standard.png; path = "../../../../../../Volumes/TOSHIBA/Family Tree Images/Lissa_Standard.png"; sourceTree = "<group>"; };
		9650F7FC1E5A7455005848EA /* Sumia new.png */ = {isa = PBXFileReference; lastKnownFileType = image.png; name = "Sumia new.png"; path = "../../../../../../Volumes/TOSHIBA/Family Tree Images/Sumia new.png"; sourceTree = "<group>"; };
		9650F8001E5A74E7005848EA /* Cynthia_Artwork.png */ = {isa = PBXFileReference; lastKnownFileType = image.png; name = Cynthia_Artwork.png; path = "../../../../../../Volumes/TOSHIBA/Family Tree Images/Cynthia_Artwork.png"; sourceTree = "<group>"; };
/* End PBXFileReference section */

/* Begin PBXFrameworksBuildPhase section */
		963027711E5A49FB00D10F67 /* Frameworks */ = {
			isa = PBXFrameworksBuildPhase;
			buildActionMask = 2147483647;
			files = (
			);
			runOnlyForDeploymentPostprocessing = 0;
		};
		963027851E5A4A0000D10F67 /* Frameworks */ = {
			isa = PBXFrameworksBuildPhase;
			buildActionMask = 2147483647;
			files = (
			);
			runOnlyForDeploymentPostprocessing = 0;
		};
		963027901E5A4A0000D10F67 /* Frameworks */ = {
			isa = PBXFrameworksBuildPhase;
			buildActionMask = 2147483647;
			files = (
			);
			runOnlyForDeploymentPostprocessing = 0;
		};
/* End PBXFrameworksBuildPhase section */

/* Begin PBXGroup section */
		9630276B1E5A49FA00D10F67 = {
			isa = PBXGroup;
			children = (
				963027761E5A49FC00D10F67 /* New Family Tree */,
				9630278B1E5A4A0000D10F67 /* New Family TreeTests */,
				963027961E5A4A0000D10F67 /* New Family TreeUITests */,
				963027751E5A49FC00D10F67 /* Products */,
			);
			sourceTree = "<group>";
		};
		963027751E5A49FC00D10F67 /* Products */ = {
			isa = PBXGroup;
			children = (
				963027741E5A49FC00D10F67 /* New Family Tree.app */,
				963027881E5A4A0000D10F67 /* New Family TreeTests.xctest */,
				963027931E5A4A0000D10F67 /* New Family TreeUITests.xctest */,
			);
			name = Products;
			sourceTree = "<group>";
		};
		963027761E5A49FC00D10F67 /* New Family Tree */ = {
			isa = PBXGroup;
			children = (
				9650F7D51E5A5F3A005848EA /* Images */,
				963027771E5A49FC00D10F67 /* AppDelegate.swift */,
				963027A51E5A4A2400D10F67 /* HomeViewController.swift */,
				9630277B1E5A49FD00D10F67 /* Main.storyboard */,
				9630277E1E5A49FE00D10F67 /* Assets.xcassets */,
				963027801E5A4A0000D10F67 /* LaunchScreen.storyboard */,
				963027831E5A4A0000D10F67 /* Info.plist */,
				9650F7E21E5A6405005848EA /* CynthiaViewController.swift */,
				963027A71E5A4A4700D10F67 /* CordeliaViewController.swift */,
				963027A91E5A4A5000D10F67 /* ChercheViewController.swift */,
				9650F7E41E5A641A005848EA /* LissaViewController.swift */,
				9650F7E61E5A6423005848EA /* SumiaViewController.swift */,
			);
			path = "New Family Tree";
			sourceTree = "<group>";
		};
		9630278B1E5A4A0000D10F67 /* New Family TreeTests */ = {
			isa = PBXGroup;
			children = (
				9630278C1E5A4A0000D10F67 /* New_Family_TreeTests.swift */,
				9630278E1E5A4A0000D10F67 /* Info.plist */,
			);
			path = "New Family TreeTests";
			sourceTree = "<group>";
		};
		963027961E5A4A0000D10F67 /* New Family TreeUITests */ = {
			isa = PBXGroup;
			children = (
				963027971E5A4A0000D10F67 /* New_Family_TreeUITests.swift */,
				963027991E5A4A0000D10F67 /* Info.plist */,
			);
			path = "New Family TreeUITests";
			sourceTree = "<group>";
		};
		9650F7D51E5A5F3A005848EA /* Images */ = {
			isa = PBXGroup;
			children = (
				9650F8001E5A74E7005848EA /* Cynthia_Artwork.png */,
				9650F7FA1E5A7455005848EA /* Chromfacingleft.png */,
				9650F7FB1E5A7455005848EA /* Lissa_Standard.png */,
				9650F7FC1E5A7455005848EA /* Sumia new.png */,
				9650F7F81E5A6F43005848EA /* Sumia.jpg */,
				9650F7E81E5A6F11005848EA /* Chrom.png */,
				9650F7E91E5A6F11005848EA /* Cynthia.png */,
				9650F7EA1E5A6F11005848EA /* Frederick.png */,
				9650F7EB1E5A6F11005848EA /* Lissa.jpg */,
				9650F7EC1E5A6F11005848EA /* Lucina.png */,
				9650F7ED1E5A6F11005848EA /* Morgan.png */,
				9650F7EE1E5A6F11005848EA /* Owain.png */,
				9650F7EF1E5A6F11005848EA /* Robin.png */,
				9650F7DA1E5A616C005848EA /* Gerome.png */,
				9650F7DB1E5A616C005848EA /* Lon'qu.png */,
				9650F7DC1E5A616C005848EA /* Severa.png */,
				9650F7DD1E5A616C005848EA /* Virion.png */,
				9650F7D61E5A5F4D005848EA /* Cherche.png */,
				9650F7D71E5A5F4D005848EA /* Cordelia.png */,
			);
			name = Images;
			sourceTree = "<group>";
		};
/* End PBXGroup section */

/* Begin PBXNativeTarget section */
		963027731E5A49FB00D10F67 /* New Family Tree */ = {
			isa = PBXNativeTarget;
			buildConfigurationList = 9630279C1E5A4A0000D10F67 /* Build configuration list for PBXNativeTarget "New Family Tree" */;
			buildPhases = (
				963027701E5A49FB00D10F67 /* Sources */,
				963027711E5A49FB00D10F67 /* Frameworks */,
				963027721E5A49FB00D10F67 /* Resources */,
			);
			buildRules = (
			);
			dependencies = (
			);
			name = "New Family Tree";
			productName = "New Family Tree";
			productReference = 963027741E5A49FC00D10F67 /* New Family Tree.app */;
			productType = "com.apple.product-type.application";
		};
		963027871E5A4A0000D10F67 /* New Family TreeTests */ = {
			isa = PBXNativeTarget;
			buildConfigurationList = 9630279F1E5A4A0000D10F67 /* Build configuration list for PBXNativeTarget "New Family TreeTests" */;
			buildPhases = (
				963027841E5A4A0000D10F67 /* Sources */,
				963027851E5A4A0000D10F67 /* Frameworks */,
				963027861E5A4A0000D10F67 /* Resources */,
			);
			buildRules = (
			);
			dependencies = (
				9630278A1E5A4A0000D10F67 /* PBXTargetDependency */,
			);
			name = "New Family TreeTests";
			productName = "New Family TreeTests";
			productReference = 963027881E5A4A0000D10F67 /* New Family TreeTests.xctest */;
			productType = "com.apple.product-type.bundle.unit-test";
		};
		963027921E5A4A0000D10F67 /* New Family TreeUITests */ = {
			isa = PBXNativeTarget;
			buildConfigurationList = 963027A21E5A4A0000D10F67 /* Build configuration list for PBXNativeTarget "New Family TreeUITests" */;
			buildPhases = (
				9630278F1E5A4A0000D10F67 /* Sources */,
				963027901E5A4A0000D10F67 /* Frameworks */,
				963027911E5A4A0000D10F67 /* Resources */,
			);
			buildRules = (
			);
			dependencies = (
				963027951E5A4A0000D10F67 /* PBXTargetDependency */,
			);
			name = "New Family TreeUITests";
			productName = "New Family TreeUITests";
			productReference = 963027931E5A4A0000D10F67 /* New Family TreeUITests.xctest */;
			productType = "com.apple.product-type.bundle.ui-testing";
		};
/* End PBXNativeTarget section */

/* Begin PBXProject section */
		9630276C1E5A49FB00D10F67 /* Project object */ = {
			isa = PBXProject;
			attributes = {
				LastSwiftUpdateCheck = 0820;
				LastUpgradeCheck = 0820;
				ORGANIZATIONNAME = "Jason Mendez";
				TargetAttributes = {
					963027731E5A49FB00D10F67 = {
						CreatedOnToolsVersion = 8.2.1;
						ProvisioningStyle = Automatic;
					};
					963027871E5A4A0000D10F67 = {
						CreatedOnToolsVersion = 8.2.1;
						ProvisioningStyle = Automatic;
						TestTargetID = 963027731E5A49FB00D10F67;
					};
					963027921E5A4A0000D10F67 = {
						CreatedOnToolsVersion = 8.2.1;
						ProvisioningStyle = Automatic;
						TestTargetID = 963027731E5A49FB00D10F67;
					};
				};
			};
			buildConfigurationList = 9630276F1E5A49FB00D10F67 /* Build configuration list for PBXProject "New Family Tree" */;
			compatibilityVersion = "Xcode 3.2";
			developmentRegion = English;
			hasScannedForEncodings = 0;
			knownRegions = (
				en,
				Base,
			);
			mainGroup = 9630276B1E5A49FA00D10F67;
			productRefGroup = 963027751E5A49FC00D10F67 /* Products */;
			projectDirPath = "";
			projectRoot = "";
			targets = (
				963027731E5A49FB00D10F67 /* New Family Tree */,
				963027871E5A4A0000D10F67 /* New Family TreeTests */,
				963027921E5A4A0000D10F67 /* New Family TreeUITests */,
			);
		};
/* End PBXProject section */

/* Begin PBXResourcesBuildPhase section */
		963027721E5A49FB00D10F67 /* Resources */ = {
			isa = PBXResourcesBuildPhase;
			buildActionMask = 2147483647;
			files = (
				9650F7F31E5A6F11005848EA /* Lissa.jpg in Resources */,
				9650F7E11E5A616C005848EA /* Virion.png in Resources */,
				9650F7D81E5A5F4D005848EA /* Cherche.png in Resources */,
				963027821E5A4A0000D10F67 /* LaunchScreen.storyboard in Resources */,
				9630277F1E5A49FE00D10F67 /* Assets.xcassets in Resources */,
				9650F7F41E5A6F11005848EA /* Lucina.png in Resources */,
				9650F7E01E5A616C005848EA /* Severa.png in Resources */,
				9650F7F71E5A6F11005848EA /* Robin.png in Resources */,
				9650F7D91E5A5F4D005848EA /* Cordelia.png in Resources */,
				9650F7DE1E5A616C005848EA /* Gerome.png in Resources */,
				9650F7F21E5A6F11005848EA /* Frederick.png in Resources */,
				9650F7F61E5A6F11005848EA /* Owain.png in Resources */,
				9650F7F51E5A6F11005848EA /* Morgan.png in Resources */,
				9650F7FE1E5A7455005848EA /* Lissa_Standard.png in Resources */,
				9650F7F11E5A6F11005848EA /* Cynthia.png in Resources */,
				9650F7DF1E5A616C005848EA /* Lon'qu.png in Resources */,
				9630277D1E5A49FD00D10F67 /* Main.storyboard in Resources */,
				9650F7F01E5A6F11005848EA /* Chrom.png in Resources */,
				9650F7FD1E5A7455005848EA /* Chromfacingleft.png in Resources */,
				9650F7F91E5A6F43005848EA /* Sumia.jpg in Resources */,
				9650F7FF1E5A7455005848EA /* Sumia new.png in Resources */,
				9650F8011E5A74E7005848EA /* Cynthia_Artwork.png in Resources */,
			);
			runOnlyForDeploymentPostprocessing = 0;
		};
		963027861E5A4A0000D10F67 /* Resources */ = {
			isa = PBXResourcesBuildPhase;
			buildActionMask = 2147483647;
			files = (
			);
			runOnlyForDeploymentPostprocessing = 0;
		};
		963027911E5A4A0000D10F67 /* Resources */ = {
			isa = PBXResourcesBuildPhase;
			buildActionMask = 2147483647;
			files = (
			);
			runOnlyForDeploymentPostprocessing = 0;
		};
/* End PBXResourcesBuildPhase section */

/* Begin PBXSourcesBuildPhase section */
		963027701E5A49FB00D10F67 /* Sources */ = {
			isa = PBXSourcesBuildPhase;
			buildActionMask = 2147483647;
			files = (
				963027781E5A49FC00D10F67 /* AppDelegate.swift in Sources */,
				9650F7E31E5A6405005848EA /* CynthiaViewController.swift in Sources */,
				963027A81E5A4A4700D10F67 /* CordeliaViewController.swift in Sources */,
				9650F7E51E5A641A005848EA /* LissaViewController.swift in Sources */,
				963027A61E5A4A2400D10F67 /* HomeViewController.swift in Sources */,
				963027AA1E5A4A5000D10F67 /* ChercheViewController.swift in Sources */,
				9650F7E71E5A6423005848EA /* SumiaViewController.swift in Sources */,
			);
			runOnlyForDeploymentPostprocessing = 0;
		};
		963027841E5A4A0000D10F67 /* Sources */ = {
			isa = PBXSourcesBuildPhase;
			buildActionMask = 2147483647;
			files = (
				9630278D1E5A4A0000D10F67 /* New_Family_TreeTests.swift in Sources */,
			);
			runOnlyForDeploymentPostprocessing = 0;
		};
		9630278F1E5A4A0000D10F67 /* Sources */ = {
			isa = PBXSourcesBuildPhase;
			buildActionMask = 2147483647;
			files = (
				963027981E5A4A0000D10F67 /* New_Family_TreeUITests.swift in Sources */,
			);
			runOnlyForDeploymentPostprocessing = 0;
		};
/* End PBXSourcesBuildPhase section */

/* Begin PBXTargetDependency section */
		9630278A1E5A4A0000D10F67 /* PBXTargetDependency */ = {
			isa = PBXTargetDependency;
			target = 963027731E5A49FB00D10F67 /* New Family Tree */;
			targetProxy = 963027891E5A4A0000D10F67 /* PBXContainerItemProxy */;
		};
		963027951E5A4A0000D10F67 /* PBXTargetDependency */ = {
			isa = PBXTargetDependency;
			target = 963027731E5A49FB00D10F67 /* New Family Tree */;
			targetProxy = 963027941E5A4A0000D10F67 /* PBXContainerItemProxy */;
		};
/* End PBXTargetDependency section */

/* Begin PBXVariantGroup section */
		9630277B1E5A49FD00D10F67 /* Main.storyboard */ = {
			isa = PBXVariantGroup;
			children = (
				9630277C1E5A49FD00D10F67 /* Base */,
			);
			name = Main.storyboard;
			sourceTree = "<group>";
		};
		963027801E5A4A0000D10F67 /* LaunchScreen.storyboard */ = {
			isa = PBXVariantGroup;
			children = (
				963027811E5A4A0000D10F67 /* Base */,
			);
			name = LaunchScreen.storyboard;
			sourceTree = "<group>";
		};
/* End PBXVariantGroup section */

/* Begin XCBuildConfiguration section */
		9630279A1E5A4A0000D10F67 /* Debug */ = {
			isa = XCBuildConfiguration;
			buildSettings = {
				ALWAYS_SEARCH_USER_PATHS = NO;
				CLANG_ANALYZER_NONNULL = YES;
				CLANG_CXX_LANGUAGE_STANDARD = "gnu++0x";
				CLANG_CXX_LIBRARY = "libc++";
				CLANG_ENABLE_MODULES = YES;
				CLANG_ENABLE_OBJC_ARC = YES;
				CLANG_WARN_BOOL_CONVERSION = YES;
				CLANG_WARN_CONSTANT_CONVERSION = YES;
				CLANG_WARN_DIRECT_OBJC_ISA_USAGE = YES_ERROR;
				CLANG_WARN_DOCUMENTATION_COMMENTS = YES;
				CLANG_WARN_EMPTY_BODY = YES;
				CLANG_WARN_ENUM_CONVERSION = YES;
				CLANG_WARN_INFINITE_RECURSION = YES;
				CLANG_WARN_INT_CONVERSION = YES;
				CLANG_WARN_OBJC_ROOT_CLASS = YES_ERROR;
				CLANG_WARN_SUSPICIOUS_MOVE = YES;
				CLANG_WARN_UNREACHABLE_CODE = YES;
				CLANG_WARN__DUPLICATE_METHOD_MATCH = YES;
				"CODE_SIGN_IDENTITY[sdk=iphoneos*]" = "iPhone Developer";
				COPY_PHASE_STRIP = NO;
				DEBUG_INFORMATION_FORMAT = dwarf;
				ENABLE_STRICT_OBJC_MSGSEND = YES;
				ENABLE_TESTABILITY = YES;
				GCC_C_LANGUAGE_STANDARD = gnu99;
				GCC_DYNAMIC_NO_PIC = NO;
				GCC_NO_COMMON_BLOCKS = YES;
				GCC_OPTIMIZATION_LEVEL = 0;
				GCC_PREPROCESSOR_DEFINITIONS = (
					"DEBUG=1",
					"$(inherited)",
				);
				GCC_WARN_64_TO_32_BIT_CONVERSION = YES;
				GCC_WARN_ABOUT_RETURN_TYPE = YES_ERROR;
				GCC_WARN_UNDECLARED_SELECTOR = YES;
				GCC_WARN_UNINITIALIZED_AUTOS = YES_AGGRESSIVE;
				GCC_WARN_UNUSED_FUNCTION = YES;
				GCC_WARN_UNUSED_VARIABLE = YES;
				IPHONEOS_DEPLOYMENT_TARGET = 10.2;
				MTL_ENABLE_DEBUG_INFO = YES;
				ONLY_ACTIVE_ARCH = YES;
				SDKROOT = iphoneos;
				SWIFT_ACTIVE_COMPILATION_CONDITIONS = DEBUG;
				SWIFT_OPTIMIZATION_LEVEL = "-Onone";
				TARGETED_DEVICE_FAMILY = "1,2";
			};
			name = Debug;
		};
		9630279B1E5A4A0000D10F67 /* Release */ = {
			isa = XCBuildConfiguration;
			buildSettings = {
				ALWAYS_SEARCH_USER_PATHS = NO;
				CLANG_ANALYZER_NONNULL = YES;
				CLANG_CXX_LANGUAGE_STANDARD = "gnu++0x";
				CLANG_CXX_LIBRARY = "libc++";
				CLANG_ENABLE_MODULES = YES;
				CLANG_ENABLE_OBJC_ARC = YES;
				CLANG_WARN_BOOL_CONVERSION = YES;
				CLANG_WARN_CONSTANT_CONVERSION = YES;
				CLANG_WARN_DIRECT_OBJC_ISA_USAGE = YES_ERROR;
				CLANG_WARN_DOCUMENTATION_COMMENTS = YES;
				CLANG_WARN_EMPTY_BODY = YES;
				CLANG_WARN_ENUM_CONVERSION = YES;
				CLANG_WARN_INFINITE_RECURSION = YES;
				CLANG_WARN_INT_CONVERSION = YES;
				CLANG_WARN_OBJC_ROOT_CLASS = YES_ERROR;
				CLANG_WARN_SUSPICIOUS_MOVE = YES;
				CLANG_WARN_UNREACHABLE_CODE = YES;
				CLANG_WARN__DUPLICATE_METHOD_MATCH = YES;
				"CODE_SIGN_IDENTITY[sdk=iphoneos*]" = "iPhone Developer";
				COPY_PHASE_STRIP = NO;
				DEBUG_INFORMATION_FORMAT = "dwarf-with-dsym";
				ENABLE_NS_ASSERTIONS = NO;
				ENABLE_STRICT_OBJC_MSGSEND = YES;
				GCC_C_LANGUAGE_STANDARD = gnu99;
				GCC_NO_COMMON_BLOCKS = YES;
				GCC_WARN_64_TO_32_BIT_CONVERSION = YES;
				GCC_WARN_ABOUT_RETURN_TYPE = YES_ERROR;
				GCC_WARN_UNDECLARED_SELECTOR = YES;
				GCC_WARN_UNINITIALIZED_AUTOS = YES_AGGRESSIVE;
				GCC_WARN_UNUSED_FUNCTION = YES;
				GCC_WARN_UNUSED_VARIABLE = YES;
				IPHONEOS_DEPLOYMENT_TARGET = 10.2;
				MTL_ENABLE_DEBUG_INFO = NO;
				SDKROOT = iphoneos;
				SWIFT_OPTIMIZATION_LEVEL = "-Owholemodule";
				TARGETED_DEVICE_FAMILY = "1,2";
				VALIDATE_PRODUCT = YES;
			};
			name = Release;
		};
		9630279D1E5A4A0000D10F67 /* Debug */ = {
			isa = XCBuildConfiguration;
			buildSettings = {
				ASSETCATALOG_COMPILER_APPICON_NAME = AppIcon;
				INFOPLIST_FILE = "New Family Tree/Info.plist";
				LD_RUNPATH_SEARCH_PATHS = "$(inherited) @executable_path/Frameworks";
				PRODUCT_BUNDLE_IDENTIFIER = "Jason-Mendez.New-Family-Tree";
				PRODUCT_NAME = "$(TARGET_NAME)";
				SWIFT_VERSION = 3.0;
			};
			name = Debug;
		};
		9630279E1E5A4A0000D10F67 /* Release */ = {
			isa = XCBuildConfiguration;
			buildSettings = {
				ASSETCATALOG_COMPILER_APPICON_NAME = AppIcon;
				INFOPLIST_FILE = "New Family Tree/Info.plist";
				LD_RUNPATH_SEARCH_PATHS = "$(inherited) @executable_path/Frameworks";
				PRODUCT_BUNDLE_IDENTIFIER = "Jason-Mendez.New-Family-Tree";
				PRODUCT_NAME = "$(TARGET_NAME)";
				SWIFT_VERSION = 3.0;
			};
			name = Release;
		};
		963027A01E5A4A0000D10F67 /* Debug */ = {
			isa = XCBuildConfiguration;
			buildSettings = {
				ALWAYS_EMBED_SWIFT_STANDARD_LIBRARIES = YES;
				BUNDLE_LOADER = "$(TEST_HOST)";
				INFOPLIST_FILE = "New Family TreeTests/Info.plist";
				LD_RUNPATH_SEARCH_PATHS = "$(inherited) @executable_path/Frameworks @loader_path/Frameworks";
				PRODUCT_BUNDLE_IDENTIFIER = "Jason-Mendez.New-Family-TreeTests";
				PRODUCT_NAME = "$(TARGET_NAME)";
				SWIFT_VERSION = 3.0;
				TEST_HOST = "$(BUILT_PRODUCTS_DIR)/New Family Tree.app/New Family Tree";
			};
			name = Debug;
		};
		963027A11E5A4A0000D10F67 /* Release */ = {
			isa = XCBuildConfiguration;
			buildSettings = {
				ALWAYS_EMBED_SWIFT_STANDARD_LIBRARIES = YES;
				BUNDLE_LOADER = "$(TEST_HOST)";
				INFOPLIST_FILE = "New Family TreeTests/Info.plist";
				LD_RUNPATH_SEARCH_PATHS = "$(inherited) @executable_path/Frameworks @loader_path/Frameworks";
				PRODUCT_BUNDLE_IDENTIFIER = "Jason-Mendez.New-Family-TreeTests";
				PRODUCT_NAME = "$(TARGET_NAME)";
				SWIFT_VERSION = 3.0;
				TEST_HOST = "$(BUILT_PRODUCTS_DIR)/New Family Tree.app/New Family Tree";
			};
			name = Release;
		};
		963027A31E5A4A0000D10F67 /* Debug */ = {
			isa = XCBuildConfiguration;
			buildSettings = {
				ALWAYS_EMBED_SWIFT_STANDARD_LIBRARIES = YES;
				INFOPLIST_FILE = "New Family TreeUITests/Info.plist";
				LD_RUNPATH_SEARCH_PATHS = "$(inherited) @executable_path/Frameworks @loader_path/Frameworks";
				PRODUCT_BUNDLE_IDENTIFIER = "Jason-Mendez.New-Family-TreeUITests";
				PRODUCT_NAME = "$(TARGET_NAME)";
				SWIFT_VERSION = 3.0;
				TEST_TARGET_NAME = "New Family Tree";
			};
			name = Debug;
		};
		963027A41E5A4A0000D10F67 /* Release */ = {
			isa = XCBuildConfiguration;
			buildSettings = {
				ALWAYS_EMBED_SWIFT_STANDARD_LIBRARIES = YES;
				INFOPLIST_FILE = "New Family TreeUITests/Info.plist";
				LD_RUNPATH_SEARCH_PATHS = "$(inherited) @executable_path/Frameworks @loader_path/Frameworks";
				PRODUCT_BUNDLE_IDENTIFIER = "Jason-Mendez.New-Family-TreeUITests";
				PRODUCT_NAME = "$(TARGET_NAME)";
				SWIFT_VERSION = 3.0;
				TEST_TARGET_NAME = "New Family Tree";
			};
			name = Release;
		};
/* End XCBuildConfiguration section */

/* Begin XCConfigurationList section */
		9630276F1E5A49FB00D10F67 /* Build configuration list for PBXProject "New Family Tree" */ = {
			isa = XCConfigurationList;
			buildConfigurations = (
				9630279A1E5A4A0000D10F67 /* Debug */,
				9630279B1E5A4A0000D10F67 /* Release */,
			);
			defaultConfigurationIsVisible = 0;
			defaultConfigurationName = Release;
		};
		9630279C1E5A4A0000D10F67 /* Build configuration list for PBXNativeTarget "New Family Tree" */ = {
			isa = XCConfigurationList;
			buildConfigurations = (
				9630279D1E5A4A0000D10F67 /* Debug */,
				9630279E1E5A4A0000D10F67 /* Release */,
			);
			defaultConfigurationIsVisible = 0;
			defaultConfigurationName = Release;
		};
		9630279F1E5A4A0000D10F67 /* Build configuration list for PBXNativeTarget "New Family TreeTests" */ = {
			isa = XCConfigurationList;
			buildConfigurations = (
				963027A01E5A4A0000D10F67 /* Debug */,
				963027A11E5A4A0000D10F67 /* Release */,
			);
			defaultConfigurationIsVisible = 0;
			defaultConfigurationName = Release;
		};
		963027A21E5A4A0000D10F67 /* Build configuration list for PBXNativeTarget "New Family TreeUITests" */ = {
			isa = XCConfigurationList;
			buildConfigurations = (
				963027A31E5A4A0000D10F67 /* Debug */,
				963027A41E5A4A0000D10F67 /* Release */,
			);
			defaultConfigurationIsVisible = 0;
			defaultConfigurationName = Release;
		};
/* End XCConfigurationList section */
	};
	rootObject = 9630276C1E5A49FB00D10F67 /* Project object */;
}
